
Microsoft Visual Studio Solution File, Format Version 12.00
# Visual Studio Version 17
VisualStudioVersion = 17.7.34009.444
MinimumVisualStudioVersion = 10.0.40219.1
Project("{FAE04EC0-301F-11D3-BF4B-00C04F79EFBC}") = "Cheatsquad", "Cheatsquad\Cheatsquad.csproj", "{59DC4C3E-34A2-44D3-BD9D-7EFA56861DB5}"
EndProject
Global
	GlobalSection(SolutionConfigurationPlatforms) = preSolution
		Debug|Any CPU = Debug|Any CPU
		Release|Any CPU = Release|Any CPU
	EndGlobalSection
	GlobalSection(ProjectConfigurationPlatforms) = postSolution
		{59DC4C3E-34A2-44D3-BD9D-7EFA56861DB5}.Debug|Any CPU.ActiveCfg = Debug|Any CPU
		{59DC4C3E-34A2-44D3-BD9D-7EFA56861DB5}.Debug|Any CPU.Build.0 = Debug|Any CPU
		{59DC4C3E-34A2-44D3-BD9D-7EFA56861DB5}.Release|Any CPU.ActiveCfg = Release|Any CPU
		{59DC4C3E-34A2-44D3-BD9D-7EFA56861DB5}.Release|Any CPU.Build.0 = Release|Any CPU
	EndGlobalSection
	GlobalSection(SolutionProperties) = preSolution
		HideSolutionNode = FALSE
	EndGlobalSection
	GlobalSection(ExtensibilityGlobals) = postSolution
		SolutionGuid = {1434A224-47A6-4276-AD54-B8A1FE8B3F91}
	EndGlobalSection
EndGlobal
